// !$*UTF8*$!
{
	archiveVersion = 1;
	classes = {
	};
	objectVersion = 46;
	objects = {

/* Begin PBXBuildFile section */
		032C49291B1BDD6600A0A11C /* AppDelegate.swift in Sources */ = {isa = PBXBuildFile; fileRef = 032C49281B1BDD6600A0A11C /* AppDelegate.swift */; };
		032C492B1B1BDD6600A0A11C /* ViewController.swift in Sources */ = {isa = PBXBuildFile; fileRef = 032C492A1B1BDD6600A0A11C /* ViewController.swift */; };
		032C492E1B1BDD6600A0A11C /* Main.storyboard in Resources */ = {isa = PBXBuildFile; fileRef = 032C492C1B1BDD6600A0A11C /* Main.storyboard */; };
		032C49301B1BDD6600A0A11C /* Images.xcassets in Resources */ = {isa = PBXBuildFile; fileRef = 032C492F1B1BDD6600A0A11C /* Images.xcassets */; };
		032C49331B1BDD6600A0A11C /* LaunchScreen.xib in Resources */ = {isa = PBXBuildFile; fileRef = 032C49311B1BDD6600A0A11C /* LaunchScreen.xib */; };
		032C493F1B1BDD6600A0A11C /* TumblrPrototypingTests.swift in Sources */ = {isa = PBXBuildFile; fileRef = 032C493E1B1BDD6600A0A11C /* TumblrPrototypingTests.swift */; };
		032C49491B1C108700A0A11C /* TabBarViewController.swift in Sources */ = {isa = PBXBuildFile; fileRef = 032C49481B1C108700A0A11C /* TabBarViewController.swift */; };
		032C494B1B1C109700A0A11C /* HomeViewController.swift in Sources */ = {isa = PBXBuildFile; fileRef = 032C494A1B1C109700A0A11C /* HomeViewController.swift */; };
		032C494D1B1C10A500A0A11C /* SearchViewController.swift in Sources */ = {isa = PBXBuildFile; fileRef = 032C494C1B1C10A500A0A11C /* SearchViewController.swift */; };
		032C494F1B1C10BA00A0A11C /* AccountViewController.swift in Sources */ = {isa = PBXBuildFile; fileRef = 032C494E1B1C10BA00A0A11C /* AccountViewController.swift */; };
		032C49511B1C10DD00A0A11C /* TrendingViewController.swift in Sources */ = {isa = PBXBuildFile; fileRef = 032C49501B1C10DD00A0A11C /* TrendingViewController.swift */; };
		032C49531B1C2DDD00A0A11C /* ComposeViewController.swift in Sources */ = {isa = PBXBuildFile; fileRef = 032C49521B1C2DDD00A0A11C /* ComposeViewController.swift */; };
/* End PBXBuildFile section */

/* Begin PBXContainerItemProxy section */
		032C49391B1BDD6600A0A11C /* PBXContainerItemProxy */ = {
			isa = PBXContainerItemProxy;
			containerPortal = 032C491B1B1BDD6600A0A11C /* Project object */;
			proxyType = 1;
			remoteGlobalIDString = 032C49221B1BDD6600A0A11C;
			remoteInfo = TumblrPrototyping;
		};
/* End PBXContainerItemProxy section */

/* Begin PBXFileReference section */
		032C49231B1BDD6600A0A11C /* TumblrPrototyping.app */ = {isa = PBXFileReference; explicitFileType = wrapper.application; includeInIndex = 0; path = TumblrPrototyping.app; sourceTree = BUILT_PRODUCTS_DIR; };
		032C49271B1BDD6600A0A11C /* Info.plist */ = {isa = PBXFileReference; lastKnownFileType = text.plist.xml; path = Info.plist; sourceTree = "<group>"; };
		032C49281B1BDD6600A0A11C /* AppDelegate.swift */ = {isa = PBXFileReference; lastKnownFileType = sourcecode.swift; path = AppDelegate.swift; sourceTree = "<group>"; };
		032C492A1B1BDD6600A0A11C /* ViewController.swift */ = {isa = PBXFileReference; lastKnownFileType = sourcecode.swift; path = ViewController.swift; sourceTree = "<group>"; };
		032C492D1B1BDD6600A0A11C /* Base */ = {isa = PBXFileReference; lastKnownFileType = file.storyboard; name = Base; path = Base.lproj/Main.storyboard; sourceTree = "<group>"; };
		032C492F1B1BDD6600A0A11C /* Images.xcassets */ = {isa = PBXFileReference; lastKnownFileType = folder.assetcatalog; path = Images.xcassets; sourceTree = "<group>"; };
		032C49321B1BDD6600A0A11C /* Base */ = {isa = PBXFileReference; lastKnownFileType = file.xib; name = Base; path = Base.lproj/LaunchScreen.xib; sourceTree = "<group>"; };
		032C49381B1BDD6600A0A11C /* TumblrPrototypingTests.xctest */ = {isa = PBXFileReference; explicitFileType = wrapper.cfbundle; includeInIndex = 0; path = TumblrPrototypingTests.xctest; sourceTree = BUILT_PRODUCTS_DIR; };
		032C493D1B1BDD6600A0A11C /* Info.plist */ = {isa = PBXFileReference; lastKnownFileType = text.plist.xml; path = Info.plist; sourceTree = "<group>"; };
		032C493E1B1BDD6600A0A11C /* TumblrPrototypingTests.swift */ = {isa = PBXFileReference; lastKnownFileType = sourcecode.swift; path = TumblrPrototypingTests.swift; sourceTree = "<group>"; };
		032C49481B1C108700A0A11C /* TabBarViewController.swift */ = {isa = PBXFileReference; fileEncoding = 4; lastKnownFileType = sourcecode.swift; path = TabBarViewController.swift; sourceTree = "<group>"; };
		032C494A1B1C109700A0A11C /* HomeViewController.swift */ = {isa = PBXFileReference; fileEncoding = 4; lastKnownFileType = sourcecode.swift; path = HomeViewController.swift; sourceTree = "<group>"; };
		032C494C1B1C10A500A0A11C /* SearchViewController.swift */ = {isa = PBXFileReference; fileEncoding = 4; lastKnownFileType = sourcecode.swift; path = SearchViewController.swift; sourceTree = "<group>"; };
		032C494E1B1C10BA00A0A11C /* AccountViewController.swift */ = {isa = PBXFileReference; fileEncoding = 4; lastKnownFileType = sourcecode.swift; path = AccountViewController.swift; sourceTree = "<group>"; };
		032C49501B1C10DD00A0A11C /* TrendingViewController.swift */ = {isa = PBXFileReference; fileEncoding = 4; lastKnownFileType = sourcecode.swift; path = TrendingViewController.swift; sourceTree = "<group>"; };
		032C49521B1C2DDD00A0A11C /* ComposeViewController.swift */ = {isa = PBXFileReference; fileEncoding = 4; lastKnownFileType = sourcecode.swift; name = ComposeViewController.swift; path = TumblrPrototyping/ComposeViewController.swift; sourceTree = "<group>"; };
/* End PBXFileReference section */

/* Begin PBXFrameworksBuildPhase section */
		032C49201B1BDD6600A0A11C /* Frameworks */ = {
			isa = PBXFrameworksBuildPhase;
			buildActionMask = 2147483647;
			files = (
			);
			runOnlyForDeploymentPostprocessing = 0;
		};
		032C49351B1BDD6600A0A11C /* Frameworks */ = {
			isa = PBXFrameworksBuildPhase;
			buildActionMask = 2147483647;
			files = (
			);
			runOnlyForDeploymentPostprocessing = 0;
		};
/* End PBXFrameworksBuildPhase section */

/* Begin PBXGroup section */
		032C491A1B1BDD6600A0A11C = {
			isa = PBXGroup;
			children = (
				032C49521B1C2DDD00A0A11C /* ComposeViewController.swift */,
				032C49251B1BDD6600A0A11C /* TumblrPrototyping */,
				032C493B1B1BDD6600A0A11C /* TumblrPrototypingTests */,
				032C49241B1BDD6600A0A11C /* Products */,
			);
			sourceTree = "<group>";
		};
		032C49241B1BDD6600A0A11C /* Products */ = {
			isa = PBXGroup;
			children = (
				032C49231B1BDD6600A0A11C /* TumblrPrototyping.app */,
				032C49381B1BDD6600A0A11C /* TumblrPrototypingTests.xctest */,
			);
			name = Products;
			sourceTree = "<group>";
		};
		032C49251B1BDD6600A0A11C /* TumblrPrototyping */ = {
			isa = PBXGroup;
			children = (
				032C49281B1BDD6600A0A11C /* AppDelegate.swift */,
				032C492A1B1BDD6600A0A11C /* ViewController.swift */,
				032C492C1B1BDD6600A0A11C /* Main.storyboard */,
				032C49481B1C108700A0A11C /* TabBarViewController.swift */,
				032C494A1B1C109700A0A11C /* HomeViewController.swift */,
				032C494C1B1C10A500A0A11C /* SearchViewController.swift */,
				032C494E1B1C10BA00A0A11C /* AccountViewController.swift */,
				032C49501B1C10DD00A0A11C /* TrendingViewController.swift */,
				032C492F1B1BDD6600A0A11C /* Images.xcassets */,
				032C49311B1BDD6600A0A11C /* LaunchScreen.xib */,
				032C49261B1BDD6600A0A11C /* Supporting Files */,
			);
			path = TumblrPrototyping;
			sourceTree = "<group>";
		};
		032C49261B1BDD6600A0A11C /* Supporting Files */ = {
			isa = PBXGroup;
			children = (
				032C49271B1BDD6600A0A11C /* Info.plist */,
			);
			name = "Supporting Files";
			sourceTree = "<group>";
		};
		032C493B1B1BDD6600A0A11C /* TumblrPrototypingTests */ = {
			isa = PBXGroup;
			children = (
				032C493E1B1BDD6600A0A11C /* TumblrPrototypingTests.swift */,
				032C493C1B1BDD6600A0A11C /* Supporting Files */,
			);
			path = TumblrPrototypingTests;
			sourceTree = "<group>";
		};
		032C493C1B1BDD6600A0A11C /* Supporting Files */ = {
			isa = PBXGroup;
			children = (
				032C493D1B1BDD6600A0A11C /* Info.plist */,
			);
			name = "Supporting Files";
			sourceTree = "<group>";
		};
/* End PBXGroup section */

/* Begin PBXNativeTarget section */
		032C49221B1BDD6600A0A11C /* TumblrPrototyping */ = {
			isa = PBXNativeTarget;
			buildConfigurationList = 032C49421B1BDD6600A0A11C /* Build configuration list for PBXNativeTarget "TumblrPrototyping" */;
			buildPhases = (
				032C491F1B1BDD6600A0A11C /* Sources */,
				032C49201B1BDD6600A0A11C /* Frameworks */,
				032C49211B1BDD6600A0A11C /* Resources */,
			);
			buildRules = (
			);
			dependencies = (
			);
			name = TumblrPrototyping;
			productName = TumblrPrototyping;
			productReference = 032C49231B1BDD6600A0A11C /* TumblrPrototyping.app */;
			productType = "com.apple.product-type.application";
		};
		032C49371B1BDD6600A0A11C /* TumblrPrototypingTests */ = {
			isa = PBXNativeTarget;
			buildConfigurationList = 032C49451B1BDD6600A0A11C /* Build configuration list for PBXNativeTarget "TumblrPrototypingTests" */;
			buildPhases = (
				032C49341B1BDD6600A0A11C /* Sources */,
				032C49351B1BDD6600A0A11C /* Frameworks */,
				032C49361B1BDD6600A0A11C /* Resources */,
			);
			buildRules = (
			);
			dependencies = (
				032C493A1B1BDD6600A0A11C /* PBXTargetDependency */,
			);
			name = TumblrPrototypingTests;
			productName = TumblrPrototypingTests;
			productReference = 032C49381B1BDD6600A0A11C /* TumblrPrototypingTests.xctest */;
			productType = "com.apple.product-type.bundle.unit-test";
		};
/* End PBXNativeTarget section */

/* Begin PBXProject section */
		032C491B1B1BDD6600A0A11C /* Project object */ = {
			isa = PBXProject;
			attributes = {
				LastUpgradeCheck = 0630;
				ORGANIZATIONNAME = "Nan Chen";
				TargetAttributes = {
					032C49221B1BDD6600A0A11C = {
						CreatedOnToolsVersion = 6.3.1;
					};
					032C49371B1BDD6600A0A11C = {
						CreatedOnToolsVersion = 6.3.1;
						TestTargetID = 032C49221B1BDD6600A0A11C;
					};
				};
			};
			buildConfigurationList = 032C491E1B1BDD6600A0A11C /* Build configuration list for PBXProject "TumblrPrototyping" */;
			compatibilityVersion = "Xcode 3.2";
			developmentRegion = English;
			hasScannedForEncodings = 0;
			knownRegions = (
				en,
				Base,
			);
			mainGroup = 032C491A1B1BDD6600A0A11C;
			productRefGroup = 032C49241B1BDD6600A0A11C /* Products */;
			projectDirPath = "";
			projectRoot = "";
			targets = (
				032C49221B1BDD6600A0A11C /* TumblrPrototyping */,
				032C49371B1BDD6600A0A11C /* TumblrPrototypingTests */,
			);
		};
/* End PBXProject section */

/* Begin PBXResourcesBuildPhase section */
		032C49211B1BDD6600A0A11C /* Resources */ = {
			isa = PBXResourcesBuildPhase;
			buildActionMask = 2147483647;
			files = (
				032C492E1B1BDD6600A0A11C /* Main.storyboard in Resources */,
				032C49331B1BDD6600A0A11C /* LaunchScreen.xib in Resources */,
				032C49301B1BDD6600A0A11C /* Images.xcassets in Resources */,
			);
			runOnlyForDeploymentPostprocessing = 0;
		};
		032C49361B1BDD6600A0A11C /* Resources */ = {
			isa = PBXResourcesBuildPhase;
			buildActionMask = 2147483647;
			files = (
			);
			runOnlyForDeploymentPostprocessing = 0;
		};
/* End PBXResourcesBuildPhase section */

/* Begin PBXSourcesBuildPhase section */
		032C491F1B1BDD6600A0A11C /* Sources */ = {
			isa = PBXSourcesBuildPhase;
			buildActionMask = 2147483647;
			files = (
				032C49511B1C10DD00A0A11C /* TrendingViewController.swift in Sources */,
				032C494D1B1C10A500A0A11C /* SearchViewController.swift in Sources */,
				032C492B1B1BDD6600A0A11C /* ViewController.swift in Sources */,
				032C49531B1C2DDD00A0A11C /* ComposeViewController.swift in Sources */,
				032C494F1B1C10BA00A0A11C /* AccountViewController.swift in Sources */,
				032C49491B1C108700A0A11C /* TabBarViewController.swift in Sources */,
				032C49291B1BDD6600A0A11C /* AppDelegate.swift in Sources */,
				032C494B1B1C109700A0A11C /* HomeViewController.swift in Sources */,
			);
			runOnlyForDeploymentPostprocessing = 0;
		};
		032C49341B1BDD6600A0A11C /* Sources */ = {
			isa = PBXSourcesBuildPhase;
			buildActionMask = 2147483647;
			files = (
				032C493F1B1BDD6600A0A11C /* TumblrPrototypingTests.swift in Sources */,
			);
			runOnlyForDeploymentPostprocessing = 0;
		};
/* End PBXSourcesBuildPhase section */

/* Begin PBXTargetDependency section */
		032C493A1B1BDD6600A0A11C /* PBXTargetDependency */ = {
			isa = PBXTargetDependency;
			target = 032C49221B1BDD6600A0A11C /* TumblrPrototyping */;
			targetProxy = 032C49391B1BDD6600A0A11C /* PBXContainerItemProxy */;
		};
/* End PBXTargetDependency section */

/* Begin PBXVariantGroup section */
		032C492C1B1BDD6600A0A11C /* Main.storyboard */ = {
			isa = PBXVariantGroup;
			children = (
				032C492D1B1BDD6600A0A11C /* Base */,
			);
			name = Main.storyboard;
			sourceTree = "<group>";
		};
		032C49311B1BDD6600A0A11C /* LaunchScreen.xib */ = {
			isa = PBXVariantGroup;
			children = (
				032C49321B1BDD6600A0A11C /* Base */,
			);
			name = LaunchScreen.xib;
			sourceTree = "<group>";
		};
/* End PBXVariantGroup section */

/* Begin XCBuildConfiguration section */
		032C49401B1BDD6600A0A11C /* Debug */ = {
			isa = XCBuildConfiguration;
			buildSettings = {
				ALWAYS_SEARCH_USER_PATHS = NO;
				CLANG_CXX_LANGUAGE_STANDARD = "gnu++0x";
				CLANG_CXX_LIBRARY = "libc++";
				CLANG_ENABLE_MODULES = YES;
				CLANG_ENABLE_OBJC_ARC = YES;
				CLANG_WARN_BOOL_CONVERSION = YES;
				CLANG_WARN_CONSTANT_CONVERSION = YES;
				CLANG_WARN_DIRECT_OBJC_ISA_USAGE = YES_ERROR;
				CLANG_WARN_EMPTY_BODY = YES;
				CLANG_WARN_ENUM_CONVERSION = YES;
				CLANG_WARN_INT_CONVERSION = YES;
				CLANG_WARN_OBJC_ROOT_CLASS = YES_ERROR;
				CLANG_WARN_UNREACHABLE_CODE = YES;
				CLANG_WARN__DUPLICATE_METHOD_MATCH = YES;
				"CODE_SIGN_IDENTITY[sdk=iphoneos*]" = "iPhone Developer";
				COPY_PHASE_STRIP = NO;
				DEBUG_INFORMATION_FORMAT = "dwarf-with-dsym";
				ENABLE_STRICT_OBJC_MSGSEND = YES;
				GCC_C_LANGUAGE_STANDARD = gnu99;
				GCC_DYNAMIC_NO_PIC = NO;
				GCC_NO_COMMON_BLOCKS = YES;
				GCC_OPTIMIZATION_LEVEL = 0;
				GCC_PREPROCESSOR_DEFINITIONS = (
					"DEBUG=1",
					"$(inherited)",
				);
				GCC_SYMBOLS_PRIVATE_EXTERN = NO;
				GCC_WARN_64_TO_32_BIT_CONVERSION = YES;
				GCC_WARN_ABOUT_RETURN_TYPE = YES_ERROR;
				GCC_WARN_UNDECLARED_SELECTOR = YES;
				GCC_WARN_UNINITIALIZED_AUTOS = YES_AGGRESSIVE;
				GCC_WARN_UNUSED_FUNCTION = YES;
				GCC_WARN_UNUSED_VARIABLE = YES;
				IPHONEOS_DEPLOYMENT_TARGET = 8.3;
				MTL_ENABLE_DEBUG_INFO = YES;
				ONLY_ACTIVE_ARCH = YES;
				SDKROOT = iphoneos;
				SWIFT_OPTIMIZATION_LEVEL = "-Onone";
				TARGETED_DEVICE_FAMILY = "1,2";
			};
			name = Debug;
		};
		032C49411B1BDD6600A0A11C /* Release */ = {
			isa = XCBuildConfiguration;
			buildSettings = {
				ALWAYS_SEARCH_USER_PATHS = NO;
				CLANG_CXX_LANGUAGE_STANDARD = "gnu++0x";
				CLANG_CXX_LIBRARY = "libc++";
				CLANG_ENABLE_MODULES = YES;
				CLANG_ENABLE_OBJC_ARC = YES;
				CLANG_WARN_BOOL_CONVERSION = YES;
				CLANG_WARN_CONSTANT_CONVERSION = YES;
				CLANG_WARN_DIRECT_OBJC_ISA_USAGE = YES_ERROR;
				CLANG_WARN_EMPTY_BODY = YES;
				CLANG_WARN_ENUM_CONVERSION = YES;
				CLANG_WARN_INT_CONVERSION = YES;
				CLANG_WARN_OBJC_ROOT_CLASS = YES_ERROR;
				CLANG_WARN_UNREACHABLE_CODE = YES;
				CLANG_WARN__DUPLICATE_METHOD_MATCH = YES;
				"CODE_SIGN_IDENTITY[sdk=iphoneos*]" = "iPhone Developer";
				COPY_PHASE_STRIP = NO;
				DEBUG_INFORMATION_FORMAT = "dwarf-with-dsym";
				ENABLE_NS_ASSERTIONS = NO;
				ENABLE_STRICT_OBJC_MSGSEND = YES;
				GCC_C_LANGUAGE_STANDARD = gnu99;
				GCC_NO_COMMON_BLOCKS = YES;
				GCC_WARN_64_TO_32_BIT_CONVERSION = YES;
				GCC_WARN_ABOUT_RETURN_TYPE = YES_ERROR;
				GCC_WARN_UNDECLARED_SELECTOR = YES;
				GCC_WARN_UNINITIALIZED_AUTOS = YES_AGGRESSIVE;
				GCC_WARN_UNUSED_FUNCTION = YES;
				GCC_WARN_UNUSED_VARIABLE = YES;
				IPHONEOS_DEPLOYMENT_TARGET = 8.3;
				MTL_ENABLE_DEBUG_INFO = NO;
				SDKROOT = iphoneos;
				TARGETED_DEVICE_FAMILY = "1,2";
				VALIDATE_PRODUCT = YES;
			};
			name = Release;
		};
		032C49431B1BDD6600A0A11C /* Debug */ = {
			isa = XCBuildConfiguration;
			buildSettings = {
				ASSETCATALOG_COMPILER_APPICON_NAME = AppIcon;
				INFOPLIST_FILE = TumblrPrototyping/Info.plist;
				LD_RUNPATH_SEARCH_PATHS = "$(inherited) @executable_path/Frameworks";
				PRODUCT_NAME = "$(TARGET_NAME)";
			};
			name = Debug;
		};
		032C49441B1BDD6600A0A11C /* Release */ = {
			isa = XCBuildConfiguration;
			buildSettings = {
				ASSETCATALOG_COMPILER_APPICON_NAME = AppIcon;
				INFOPLIST_FILE = TumblrPrototyping/Info.plist;
				LD_RUNPATH_SEARCH_PATHS = "$(inherited) @executable_path/Frameworks";
				PRODUCT_NAME = "$(TARGET_NAME)";
			};
			name = Release;
		};
		032C49461B1BDD6600A0A11C /* Debug */ = {
			isa = XCBuildConfiguration;
			buildSettings = {
				BUNDLE_LOADER = "$(TEST_HOST)";
				FRAMEWORK_SEARCH_PATHS = (
					"$(SDKROOT)/Developer/Library/Frameworks",
					"$(inherited)",
				);
				GCC_PREPROCESSOR_DEFINITIONS = (
					"DEBUG=1",
					"$(inherited)",
				);
				INFOPLIST_FILE = TumblrPrototypingTests/Info.plist;
				LD_RUNPATH_SEARCH_PATHS = "$(inherited) @executable_path/Frameworks @loader_path/Frameworks";
				PRODUCT_NAME = "$(TARGET_NAME)";
				TEST_HOST = "$(BUILT_PRODUCTS_DIR)/TumblrPrototyping.app/TumblrPrototyping";
			};
			name = Debug;
		};
		032C49471B1BDD6600A0A11C /* Release */ = {
			isa = XCBuildConfiguration;
			buildSettings = {
				BUNDLE_LOADER = "$(TEST_HOST)";
				FRAMEWORK_SEARCH_PATHS = (
					"$(SDKROOT)/Developer/Library/Frameworks",
					"$(inherited)",
				);
				INFOPLIST_FILE = TumblrPrototypingTests/Info.plist;
				LD_RUNPATH_SEARCH_PATHS = "$(inherited) @executable_path/Frameworks @loader_path/Frameworks";
				PRODUCT_NAME = "$(TARGET_NAME)";
				TEST_HOST = "$(BUILT_PRODUCTS_DIR)/TumblrPrototyping.app/TumblrPrototyping";
			};
			name = Release;
		};
/* End XCBuildConfiguration section */

/* Begin XCConfigurationList section */
		032C491E1B1BDD6600A0A11C /* Build configuration list for PBXProject "TumblrPrototyping" */ = {
			isa = XCConfigurationList;
			buildConfigurations = (
				032C49401B1BDD6600A0A11C /* Debug */,
				032C49411B1BDD6600A0A11C /* Release */,
			);
			defaultConfigurationIsVisible = 0;
			defaultConfigurationName = Release;
		};
		032C49421B1BDD6600A0A11C /* Build configuration list for PBXNativeTarget "TumblrPrototyping" */ = {
			isa = XCConfigurationList;
			buildConfigurations = (
				032C49431B1BDD6600A0A11C /* Debug */,
				032C49441B1BDD6600A0A11C /* Release */,
			);
			defaultConfigurationIsVisible = 0;
		};
		032C49451B1BDD6600A0A11C /* Build configuration list for PBXNativeTarget "TumblrPrototypingTests" */ = {
			isa = XCConfigurationList;
			buildConfigurations = (
				032C49461B1BDD6600A0A11C /* Debug */,
				032C49471B1BDD6600A0A11C /* Release */,
			);
			defaultConfigurationIsVisible = 0;
		};
/* End XCConfigurationList section */
	};
	rootObject = 032C491B1B1BDD6600A0A11C /* Project object */;
}
